// !$*UTF8*$!
{
	archiveVersion = 1;
	classes = {
	};
	objectVersion = 55;
	objects = {

/* Begin PBXBuildFile section */
		10573B5528A0CDA400F17133 /* AppDelegate.swift in Sources */ = {isa = PBXBuildFile; fileRef = 10573B5428A0CDA400F17133 /* AppDelegate.swift */; };
		10573B5728A0CDA400F17133 /* SceneDelegate.swift in Sources */ = {isa = PBXBuildFile; fileRef = 10573B5628A0CDA400F17133 /* SceneDelegate.swift */; };
		10573B5928A0CDA400F17133 /* StationSearchViewController.swift in Sources */ = {isa = PBXBuildFile; fileRef = 10573B5828A0CDA400F17133 /* StationSearchViewController.swift */; };
		10573B5E28A0CDA500F17133 /* Assets.xcassets in Resources */ = {isa = PBXBuildFile; fileRef = 10573B5D28A0CDA500F17133 /* Assets.xcassets */; };
		10573B6128A0CDA500F17133 /* LaunchScreen.storyboard in Resources */ = {isa = PBXBuildFile; fileRef = 10573B5F28A0CDA500F17133 /* LaunchScreen.storyboard */; };
		10573B6A28A0CDC600F17133 /* SnapKit in Frameworks */ = {isa = PBXBuildFile; productRef = 10573B6928A0CDC600F17133 /* SnapKit */; };
		10573B6D28A0CE0700F17133 /* Alamofire in Frameworks */ = {isa = PBXBuildFile; productRef = 10573B6C28A0CE0700F17133 /* Alamofire */; };
		10573B7028A0E31F00F17133 /* StationDetailViewController.swift in Sources */ = {isa = PBXBuildFile; fileRef = 10573B6F28A0E31F00F17133 /* StationDetailViewController.swift */; };
		10573B7228A0EAAC00F17133 /* StationDetailCollectionViewCell.swift in Sources */ = {isa = PBXBuildFile; fileRef = 10573B7128A0EAAC00F17133 /* StationDetailCollectionViewCell.swift */; };
		1094966628A22A2C00EC05FC /* StationResponseModel.swift in Sources */ = {isa = PBXBuildFile; fileRef = 1094966528A22A2C00EC05FC /* StationResponseModel.swift */; };
		1094966828A2480800EC05FC /* StationArrivalDataResponseModel.swift in Sources */ = {isa = PBXBuildFile; fileRef = 1094966728A2480800EC05FC /* StationArrivalDataResponseModel.swift */; };
/* End PBXBuildFile section */

/* Begin PBXFileReference section */
		10573B5128A0CDA400F17133 /* SubwayStation.app */ = {isa = PBXFileReference; explicitFileType = wrapper.application; includeInIndex = 0; path = SubwayStation.app; sourceTree = BUILT_PRODUCTS_DIR; };
		10573B5428A0CDA400F17133 /* AppDelegate.swift */ = {isa = PBXFileReference; lastKnownFileType = sourcecode.swift; path = AppDelegate.swift; sourceTree = "<group>"; };
		10573B5628A0CDA400F17133 /* SceneDelegate.swift */ = {isa = PBXFileReference; lastKnownFileType = sourcecode.swift; path = SceneDelegate.swift; sourceTree = "<group>"; };
		10573B5828A0CDA400F17133 /* StationSearchViewController.swift */ = {isa = PBXFileReference; lastKnownFileType = sourcecode.swift; path = StationSearchViewController.swift; sourceTree = "<group>"; };
		10573B5D28A0CDA500F17133 /* Assets.xcassets */ = {isa = PBXFileReference; lastKnownFileType = folder.assetcatalog; path = Assets.xcassets; sourceTree = "<group>"; };
		10573B6028A0CDA500F17133 /* Base */ = {isa = PBXFileReference; lastKnownFileType = file.storyboard; name = Base; path = Base.lproj/LaunchScreen.storyboard; sourceTree = "<group>"; };
		10573B6228A0CDA500F17133 /* Info.plist */ = {isa = PBXFileReference; lastKnownFileType = text.plist.xml; path = Info.plist; sourceTree = "<group>"; };
		10573B6F28A0E31F00F17133 /* StationDetailViewController.swift */ = {isa = PBXFileReference; lastKnownFileType = sourcecode.swift; path = StationDetailViewController.swift; sourceTree = "<group>"; };
		10573B7128A0EAAC00F17133 /* StationDetailCollectionViewCell.swift */ = {isa = PBXFileReference; lastKnownFileType = sourcecode.swift; path = StationDetailCollectionViewCell.swift; sourceTree = "<group>"; };
		1094966528A22A2C00EC05FC /* StationResponseModel.swift */ = {isa = PBXFileReference; lastKnownFileType = sourcecode.swift; path = StationResponseModel.swift; sourceTree = "<group>"; };
		1094966728A2480800EC05FC /* StationArrivalDataResponseModel.swift */ = {isa = PBXFileReference; lastKnownFileType = sourcecode.swift; path = StationArrivalDataResponseModel.swift; sourceTree = "<group>"; };
/* End PBXFileReference section */

/* Begin PBXFrameworksBuildPhase section */
		10573B4E28A0CDA400F17133 /* Frameworks */ = {
			isa = PBXFrameworksBuildPhase;
			buildActionMask = 2147483647;
			files = (
				10573B6A28A0CDC600F17133 /* SnapKit in Frameworks */,
				10573B6D28A0CE0700F17133 /* Alamofire in Frameworks */,
			);
			runOnlyForDeploymentPostprocessing = 0;
		};
/* End PBXFrameworksBuildPhase section */

/* Begin PBXGroup section */
		10573B4828A0CDA400F17133 = {
			isa = PBXGroup;
			children = (
				10573B5328A0CDA400F17133 /* SubwayStation */,
				10573B5228A0CDA400F17133 /* Products */,
			);
			sourceTree = "<group>";
		};
		10573B5228A0CDA400F17133 /* Products */ = {
			isa = PBXGroup;
			children = (
				10573B5128A0CDA400F17133 /* SubwayStation.app */,
			);
			name = Products;
			sourceTree = "<group>";
		};
		10573B5328A0CDA400F17133 /* SubwayStation */ = {
			isa = PBXGroup;
			children = (
				10573B5428A0CDA400F17133 /* AppDelegate.swift */,
				10573B5628A0CDA400F17133 /* SceneDelegate.swift */,
				1094966528A22A2C00EC05FC /* StationResponseModel.swift */,
				1094966728A2480800EC05FC /* StationArrivalDataResponseModel.swift */,
				10573B6E28A0E2F400F17133 /* Scenes */,
				10573B5D28A0CDA500F17133 /* Assets.xcassets */,
				10573B5F28A0CDA500F17133 /* LaunchScreen.storyboard */,
				10573B6228A0CDA500F17133 /* Info.plist */,
			);
			path = SubwayStation;
			sourceTree = "<group>";
		};
		10573B6E28A0E2F400F17133 /* Scenes */ = {
			isa = PBXGroup;
			children = (
				10573B5828A0CDA400F17133 /* StationSearchViewController.swift */,
				10573B6F28A0E31F00F17133 /* StationDetailViewController.swift */,
				10573B7128A0EAAC00F17133 /* StationDetailCollectionViewCell.swift */,
			);
			path = Scenes;
			sourceTree = "<group>";
		};
/* End PBXGroup section */

/* Begin PBXNativeTarget section */
		10573B5028A0CDA400F17133 /* SubwayStation */ = {
			isa = PBXNativeTarget;
			buildConfigurationList = 10573B6528A0CDA500F17133 /* Build configuration list for PBXNativeTarget "SubwayStation" */;
			buildPhases = (
				10573B4D28A0CDA400F17133 /* Sources */,
				10573B4E28A0CDA400F17133 /* Frameworks */,
				10573B4F28A0CDA400F17133 /* Resources */,
			);
			buildRules = (
			);
			dependencies = (
			);
			name = SubwayStation;
			packageProductDependencies = (
				10573B6928A0CDC600F17133 /* SnapKit */,
				10573B6C28A0CE0700F17133 /* Alamofire */,
			);
			productName = SubwayStation;
			productReference = 10573B5128A0CDA400F17133 /* SubwayStation.app */;
			productType = "com.apple.product-type.application";
		};
/* End PBXNativeTarget section */

/* Begin PBXProject section */
		10573B4928A0CDA400F17133 /* Project object */ = {
			isa = PBXProject;
			attributes = {
				BuildIndependentTargetsInParallel = 1;
				LastSwiftUpdateCheck = 1340;
				LastUpgradeCheck = 1340;
				TargetAttributes = {
					10573B5028A0CDA400F17133 = {
						CreatedOnToolsVersion = 13.4.1;
					};
				};
			};
			buildConfigurationList = 10573B4C28A0CDA400F17133 /* Build configuration list for PBXProject "SubwayStation" */;
			compatibilityVersion = "Xcode 13.0";
			developmentRegion = en;
			hasScannedForEncodings = 0;
			knownRegions = (
				en,
				Base,
			);
			mainGroup = 10573B4828A0CDA400F17133;
			packageReferences = (
				10573B6828A0CDC600F17133 /* XCRemoteSwiftPackageReference "SnapKit" */,
				10573B6B28A0CE0700F17133 /* XCRemoteSwiftPackageReference "Alamofire" */,
			);
			productRefGroup = 10573B5228A0CDA400F17133 /* Products */;
			projectDirPath = "";
			projectRoot = "";
			targets = (
				10573B5028A0CDA400F17133 /* SubwayStation */,
			);
		};
/* End PBXProject section */

/* Begin PBXResourcesBuildPhase section */
		10573B4F28A0CDA400F17133 /* Resources */ = {
			isa = PBXResourcesBuildPhase;
			buildActionMask = 2147483647;
			files = (
				10573B6128A0CDA500F17133 /* LaunchScreen.storyboard in Resources */,
				10573B5E28A0CDA500F17133 /* Assets.xcassets in Resources */,
			);
			runOnlyForDeploymentPostprocessing = 0;
		};
/* End PBXResourcesBuildPhase section */

/* Begin PBXSourcesBuildPhase section */
		10573B4D28A0CDA400F17133 /* Sources */ = {
			isa = PBXSourcesBuildPhase;
			buildActionMask = 2147483647;
			files = (
				10573B7028A0E31F00F17133 /* StationDetailViewController.swift in Sources */,
				1094966628A22A2C00EC05FC /* StationResponseModel.swift in Sources */,
				10573B5928A0CDA400F17133 /* StationSearchViewController.swift in Sources */,
				1094966828A2480800EC05FC /* StationArrivalDataResponseModel.swift in Sources */,
				10573B5528A0CDA400F17133 /* AppDelegate.swift in Sources */,
				10573B7228A0EAAC00F17133 /* StationDetailCollectionViewCell.swift in Sources */,
				10573B5728A0CDA400F17133 /* SceneDelegate.swift in Sources */,
			);
			runOnlyForDeploymentPostprocessing = 0;
		};
/* End PBXSourcesBuildPhase section */

/* Begin PBXVariantGroup section */
		10573B5F28A0CDA500F17133 /* LaunchScreen.storyboard */ = {
			isa = PBXVariantGroup;
			children = (
				10573B6028A0CDA500F17133 /* Base */,
			);
			name = LaunchScreen.storyboard;
			sourceTree = "<group>";
		};
/* End PBXVariantGroup section */

/* Begin XCBuildConfiguration section */
		10573B6328A0CDA500F17133 /* Debug */ = {
			isa = XCBuildConfiguration;
			buildSettings = {
				ALWAYS_SEARCH_USER_PATHS = NO;
				CLANG_ANALYZER_NONNULL = YES;
				CLANG_ANALYZER_NUMBER_OBJECT_CONVERSION = YES_AGGRESSIVE;
				CLANG_CXX_LANGUAGE_STANDARD = "gnu++17";
				CLANG_ENABLE_MODULES = YES;
				CLANG_ENABLE_OBJC_ARC = YES;
				CLANG_ENABLE_OBJC_WEAK = YES;
				CLANG_WARN_BLOCK_CAPTURE_AUTORELEASING = YES;
				CLANG_WARN_BOOL_CONVERSION = YES;
				CLANG_WARN_COMMA = YES;
				CLANG_WARN_CONSTANT_CONVERSION = YES;
				CLANG_WARN_DEPRECATED_OBJC_IMPLEMENTATIONS = YES;
				CLANG_WARN_DIRECT_OBJC_ISA_USAGE = YES_ERROR;
				CLANG_WARN_DOCUMENTATION_COMMENTS = YES;
				CLANG_WARN_EMPTY_BODY = YES;
				CLANG_WARN_ENUM_CONVERSION = YES;
				CLANG_WARN_INFINITE_RECURSION = YES;
				CLANG_WARN_INT_CONVERSION = YES;
				CLANG_WARN_NON_LITERAL_NULL_CONVERSION = YES;
				CLANG_WARN_OBJC_IMPLICIT_RETAIN_SELF = YES;
				CLANG_WARN_OBJC_LITERAL_CONVERSION = YES;
				CLANG_WARN_OBJC_ROOT_CLASS = YES_ERROR;
				CLANG_WARN_QUOTED_INCLUDE_IN_FRAMEWORK_HEADER = YES;
				CLANG_WARN_RANGE_LOOP_ANALYSIS = YES;
				CLANG_WARN_STRICT_PROTOTYPES = YES;
				CLANG_WARN_SUSPICIOUS_MOVE = YES;
				CLANG_WARN_UNGUARDED_AVAILABILITY = YES_AGGRESSIVE;
				CLANG_WARN_UNREACHABLE_CODE = YES;
				CLANG_WARN__DUPLICATE_METHOD_MATCH = YES;
				COPY_PHASE_STRIP = NO;
				DEBUG_INFORMATION_FORMAT = dwarf;
				ENABLE_STRICT_OBJC_MSGSEND = YES;
				ENABLE_TESTABILITY = YES;
				GCC_C_LANGUAGE_STANDARD = gnu11;
				GCC_DYNAMIC_NO_PIC = NO;
				GCC_NO_COMMON_BLOCKS = YES;
				GCC_OPTIMIZATION_LEVEL = 0;
				GCC_PREPROCESSOR_DEFINITIONS = (
					"DEBUG=1",
					"$(inherited)",
				);
				GCC_WARN_64_TO_32_BIT_CONVERSION = YES;
				GCC_WARN_ABOUT_RETURN_TYPE = YES_ERROR;
				GCC_WARN_UNDECLARED_SELECTOR = YES;
				GCC_WARN_UNINITIALIZED_AUTOS = YES_AGGRESSIVE;
				GCC_WARN_UNUSED_FUNCTION = YES;
				GCC_WARN_UNUSED_VARIABLE = YES;
				IPHONEOS_DEPLOYMENT_TARGET = 15.5;
				MTL_ENABLE_DEBUG_INFO = INCLUDE_SOURCE;
				MTL_FAST_MATH = YES;
				ONLY_ACTIVE_ARCH = YES;
				SDKROOT = iphoneos;
				SWIFT_ACTIVE_COMPILATION_CONDITIONS = DEBUG;
				SWIFT_OPTIMIZATION_LEVEL = "-Onone";
			};
			name = Debug;
		};
		10573B6428A0CDA500F17133 /* Release */ = {
			isa = XCBuildConfiguration;
			buildSettings = {
				ALWAYS_SEARCH_USER_PATHS = NO;
				CLANG_ANALYZER_NONNULL = YES;
				CLANG_ANALYZER_NUMBER_OBJECT_CONVERSION = YES_AGGRESSIVE;
				CLANG_CXX_LANGUAGE_STANDARD = "gnu++17";
				CLANG_ENABLE_MODULES = YES;
				CLANG_ENABLE_OBJC_ARC = YES;
				CLANG_ENABLE_OBJC_WEAK = YES;
				CLANG_WARN_BLOCK_CAPTURE_AUTORELEASING = YES;
				CLANG_WARN_BOOL_CONVERSION = YES;
				CLANG_WARN_COMMA = YES;
				CLANG_WARN_CONSTANT_CONVERSION = YES;
				CLANG_WARN_DEPRECATED_OBJC_IMPLEMENTATIONS = YES;
				CLANG_WARN_DIRECT_OBJC_ISA_USAGE = YES_ERROR;
				CLANG_WARN_DOCUMENTATION_COMMENTS = YES;
				CLANG_WARN_EMPTY_BODY = YES;
				CLANG_WARN_ENUM_CONVERSION = YES;
				CLANG_WARN_INFINITE_RECURSION = YES;
				CLANG_WARN_INT_CONVERSION = YES;
				CLANG_WARN_NON_LITERAL_NULL_CONVERSION = YES;
				CLANG_WARN_OBJC_IMPLICIT_RETAIN_SELF = YES;
				CLANG_WARN_OBJC_LITERAL_CONVERSION = YES;
				CLANG_WARN_OBJC_ROOT_CLASS = YES_ERROR;
				CLANG_WARN_QUOTED_INCLUDE_IN_FRAMEWORK_HEADER = YES;
				CLANG_WARN_RANGE_LOOP_ANALYSIS = YES;
				CLANG_WARN_STRICT_PROTOTYPES = YES;
				CLANG_WARN_SUSPICIOUS_MOVE = YES;
				CLANG_WARN_UNGUARDED_AVAILABILITY = YES_AGGRESSIVE;
				CLANG_WARN_UNREACHABLE_CODE = YES;
				CLANG_WARN__DUPLICATE_METHOD_MATCH = YES;
				COPY_PHASE_STRIP = NO;
				DEBUG_INFORMATION_FORMAT = "dwarf-with-dsym";
				ENABLE_NS_ASSERTIONS = NO;
				ENABLE_STRICT_OBJC_MSGSEND = YES;
				GCC_C_LANGUAGE_STANDARD = gnu11;
				GCC_NO_COMMON_BLOCKS = YES;
				GCC_WARN_64_TO_32_BIT_CONVERSION = YES;
				GCC_WARN_ABOUT_RETURN_TYPE = YES_ERROR;
				GCC_WARN_UNDECLARED_SELECTOR = YES;
				GCC_WARN_UNINITIALIZED_AUTOS = YES_AGGRESSIVE;
				GCC_WARN_UNUSED_FUNCTION = YES;
				GCC_WARN_UNUSED_VARIABLE = YES;
				IPHONEOS_DEPLOYMENT_TARGET = 15.5;
				MTL_ENABLE_DEBUG_INFO = NO;
				MTL_FAST_MATH = YES;
				SDKROOT = iphoneos;
				SWIFT_COMPILATION_MODE = wholemodule;
				SWIFT_OPTIMIZATION_LEVEL = "-O";
				VALIDATE_PRODUCT = YES;
			};
			name = Release;
		};
		10573B6628A0CDA500F17133 /* Debug */ = {
			isa = XCBuildConfiguration;
			buildSettings = {
				ASSETCATALOG_COMPILER_APPICON_NAME = AppIcon;
				ASSETCATALOG_COMPILER_GLOBAL_ACCENT_COLOR_NAME = AccentColor;
				CODE_SIGN_STYLE = Automatic;
				CURRENT_PROJECT_VERSION = 1;
				DEVELOPMENT_TEAM = USJP36TZ2H;
				GENERATE_INFOPLIST_FILE = YES;
				INFOPLIST_FILE = SubwayStation/Info.plist;
				INFOPLIST_KEY_UIApplicationSupportsIndirectInputEvents = YES;
				INFOPLIST_KEY_UILaunchStoryboardName = LaunchScreen;
				INFOPLIST_KEY_UISupportedInterfaceOrientations_iPad = "UIInterfaceOrientationPortrait UIInterfaceOrientationPortraitUpsideDown UIInterfaceOrientationLandscapeLeft UIInterfaceOrientationLandscapeRight";
				INFOPLIST_KEY_UISupportedInterfaceOrientations_iPhone = "UIInterfaceOrientationPortrait UIInterfaceOrientationLandscapeLeft UIInterfaceOrientationLandscapeRight";
				LD_RUNPATH_SEARCH_PATHS = (
					"$(inherited)",
					"@executable_path/Frameworks",
				);
				MARKETING_VERSION = 1.0;
				PRODUCT_BUNDLE_IDENTIFIER = YujeanCho.SubwayStation;
				PRODUCT_NAME = "$(TARGET_NAME)";
				SWIFT_EMIT_LOC_STRINGS = YES;
				SWIFT_VERSION = 5.0;
				TARGETED_DEVICE_FAMILY = 1;
			};
			name = Debug;
		};
		10573B6728A0CDA500F17133 /* Release */ = {
			isa = XCBuildConfiguration;
			buildSettings = {
				ASSETCATALOG_COMPILER_APPICON_NAME = AppIcon;
				ASSETCATALOG_COMPILER_GLOBAL_ACCENT_COLOR_NAME = AccentColor;
				CODE_SIGN_STYLE = Automatic;
				CURRENT_PROJECT_VERSION = 1;
				DEVELOPMENT_TEAM = USJP36TZ2H;
				GENERATE_INFOPLIST_FILE = YES;
				INFOPLIST_FILE = SubwayStation/Info.plist;
				INFOPLIST_KEY_UIApplicationSupportsIndirectInputEvents = YES;
				INFOPLIST_KEY_UILaunchStoryboardName = LaunchScreen;
				INFOPLIST_KEY_UISupportedInterfaceOrientations_iPad = "UIInterfaceOrientationPortrait UIInterfaceOrientationPortraitUpsideDown UIInterfaceOrientationLandscapeLeft UIInterfaceOrientationLandscapeRight";
				INFOPLIST_KEY_UISupportedInterfaceOrientations_iPhone = "UIInterfaceOrientationPortrait UIInterfaceOrientationLandscapeLeft UIInterfaceOrientationLandscapeRight";
				LD_RUNPATH_SEARCH_PATHS = (
					"$(inherited)",
					"@executable_path/Frameworks",
				);
				MARKETING_VERSION = 1.0;
				PRODUCT_BUNDLE_IDENTIFIER = YujeanCho.SubwayStation;
				PRODUCT_NAME = "$(TARGET_NAME)";
				SWIFT_EMIT_LOC_STRINGS = YES;
				SWIFT_VERSION = 5.0;
				TARGETED_DEVICE_FAMILY = 1;
			};
			name = Release;
		};
/* End XCBuildConfiguration section */

/* Begin XCConfigurationList section */
		10573B4C28A0CDA400F17133 /* Build configuration list for PBXProject "SubwayStation" */ = {
			isa = XCConfigurationList;
			buildConfigurations = (
				10573B6328A0CDA500F17133 /* Debug */,
				10573B6428A0CDA500F17133 /* Release */,
			);
			defaultConfigurationIsVisible = 0;
			defaultConfigurationName = Release;
		};
		10573B6528A0CDA500F17133 /* Build configuration list for PBXNativeTarget "SubwayStation" */ = {
			isa = XCConfigurationList;
			buildConfigurations = (
				10573B6628A0CDA500F17133 /* Debug */,
				10573B6728A0CDA500F17133 /* Release */,
			);
			defaultConfigurationIsVisible = 0;
			defaultConfigurationName = Release;
		};
/* End XCConfigurationList section */

/* Begin XCRemoteSwiftPackageReference section */
		10573B6828A0CDC600F17133 /* XCRemoteSwiftPackageReference "SnapKit" */ = {
			isa = XCRemoteSwiftPackageReference;
			repositoryURL = "https://github.com/SnapKit/SnapKit.git";
			requirement = {
				kind = upToNextMajorVersion;
				minimumVersion = 5.0.0;
			};
		};
		10573B6B28A0CE0700F17133 /* XCRemoteSwiftPackageReference "Alamofire" */ = {
			isa = XCRemoteSwiftPackageReference;
			repositoryURL = "https://github.com/Alamofire/Alamofire";
			requirement = {
				kind = upToNextMajorVersion;
				minimumVersion = 5.0.0;
			};
		};
/* End XCRemoteSwiftPackageReference section */

/* Begin XCSwiftPackageProductDependency section */
		10573B6928A0CDC600F17133 /* SnapKit */ = {
			isa = XCSwiftPackageProductDependency;
			package = 10573B6828A0CDC600F17133 /* XCRemoteSwiftPackageReference "SnapKit" */;
			productName = SnapKit;
		};
		10573B6C28A0CE0700F17133 /* Alamofire */ = {
			isa = XCSwiftPackageProductDependency;
			package = 10573B6B28A0CE0700F17133 /* XCRemoteSwiftPackageReference "Alamofire" */;
			productName = Alamofire;
		};
/* End XCSwiftPackageProductDependency section */
	};
	rootObject = 10573B4928A0CDA400F17133 /* Project object */;
}
